
Microsoft Visual Studio Solution File, Format Version 12.00
# Visual Studio Version 17
VisualStudioVersion = 17.0.31912.275
MinimumVisualStudioVersion = 10.0.40219.1
Project("{9A19103F-16F7-4668-BE54-9A1E7A4F7556}") = "Testing", "Testing\Testing.csproj", "{4C840B9F-3FFB-4BCF-BFCA-09D42E02F951}"
EndProject
Project("{FAE04EC0-301F-11D3-BF4B-00C04F79EFBC}") = "OMSharp", "OMSharp\OMSharp.csproj", "{9311A04E-CD80-4C4A-8E95-97A16DC4CB5E}"
EndProject
Global
	GlobalSection(SolutionConfigurationPlatforms) = preSolution
		Debug|Any CPU = Debug|Any CPU
		Release|Any CPU = Release|Any CPU
	EndGlobalSection
	GlobalSection(ProjectConfigurationPlatforms) = postSolution
		{4C840B9F-3FFB-4BCF-BFCA-09D42E02F951}.Debug|Any CPU.ActiveCfg = Debug|Any CPU
		{4C840B9F-3FFB-4BCF-BFCA-09D42E02F951}.Debug|Any CPU.Build.0 = Debug|Any CPU
		{4C840B9F-3FFB-4BCF-BFCA-09D42E02F951}.Release|Any CPU.ActiveCfg = Release|Any CPU
		{4C840B9F-3FFB-4BCF-BFCA-09D42E02F951}.Release|Any CPU.Build.0 = Release|Any CPU
		{9311A04E-CD80-4C4A-8E95-97A16DC4CB5E}.Debug|Any CPU.ActiveCfg = Debug|Any CPU
		{9311A04E-CD80-4C4A-8E95-97A16DC4CB5E}.Debug|Any CPU.Build.0 = Debug|Any CPU
		{9311A04E-CD80-4C4A-8E95-97A16DC4CB5E}.Release|Any CPU.ActiveCfg = Release|Any CPU
		{9311A04E-CD80-4C4A-8E95-97A16DC4CB5E}.Release|Any CPU.Build.0 = Release|Any CPU
	EndGlobalSection
	GlobalSection(SolutionProperties) = preSolution
		HideSolutionNode = FALSE
	EndGlobalSection
	GlobalSection(ExtensibilityGlobals) = postSolution
		SolutionGuid = {1A7D1EAF-298F-42CA-A134-7DFAF81FC5D1}
	EndGlobalSection
EndGlobal
